// !$*UTF8*$!
{
	archiveVersion = 1;
	classes = {
	};
	objectVersion = 50;
	objects = {

/* Begin PBXBuildFile section */
		811B972D247E31AA00BA59EB /* AppDelegate.swift in Sources */ = {isa = PBXBuildFile; fileRef = 811B972C247E31AA00BA59EB /* AppDelegate.swift */; };
		811B972F247E31AA00BA59EB /* SceneDelegate.swift in Sources */ = {isa = PBXBuildFile; fileRef = 811B972E247E31AA00BA59EB /* SceneDelegate.swift */; };
		811B9731247E31AA00BA59EB /* ViewController.swift in Sources */ = {isa = PBXBuildFile; fileRef = 811B9730247E31AA00BA59EB /* ViewController.swift */; };
		811B9734247E31AA00BA59EB /* Main.storyboard in Resources */ = {isa = PBXBuildFile; fileRef = 811B9732247E31AA00BA59EB /* Main.storyboard */; };
		811B9737247E31AA00BA59EB /* WeatherSampleApp.xcdatamodeld in Sources */ = {isa = PBXBuildFile; fileRef = 811B9735247E31AA00BA59EB /* WeatherSampleApp.xcdatamodeld */; };
		811B9739247E31AB00BA59EB /* Assets.xcassets in Resources */ = {isa = PBXBuildFile; fileRef = 811B9738247E31AB00BA59EB /* Assets.xcassets */; };
		811B973C247E31AB00BA59EB /* LaunchScreen.storyboard in Resources */ = {isa = PBXBuildFile; fileRef = 811B973A247E31AB00BA59EB /* LaunchScreen.storyboard */; };
/* End PBXBuildFile section */

/* Begin PBXFileReference section */
		811B9729247E31AA00BA59EB /* WeatherSampleApp.app */ = {isa = PBXFileReference; explicitFileType = wrapper.application; includeInIndex = 0; path = WeatherSampleApp.app; sourceTree = BUILT_PRODUCTS_DIR; };
		811B972C247E31AA00BA59EB /* AppDelegate.swift */ = {isa = PBXFileReference; lastKnownFileType = sourcecode.swift; path = AppDelegate.swift; sourceTree = "<group>"; };
		811B972E247E31AA00BA59EB /* SceneDelegate.swift */ = {isa = PBXFileReference; lastKnownFileType = sourcecode.swift; path = SceneDelegate.swift; sourceTree = "<group>"; };
		811B9730247E31AA00BA59EB /* ViewController.swift */ = {isa = PBXFileReference; lastKnownFileType = sourcecode.swift; path = ViewController.swift; sourceTree = "<group>"; };
		811B9733247E31AA00BA59EB /* Base */ = {isa = PBXFileReference; lastKnownFileType = file.storyboard; name = Base; path = Base.lproj/Main.storyboard; sourceTree = "<group>"; };
		811B9736247E31AA00BA59EB /* WeatherSampleApp.xcdatamodel */ = {isa = PBXFileReference; lastKnownFileType = wrapper.xcdatamodel; path = WeatherSampleApp.xcdatamodel; sourceTree = "<group>"; };
		811B9738247E31AB00BA59EB /* Assets.xcassets */ = {isa = PBXFileReference; lastKnownFileType = folder.assetcatalog; path = Assets.xcassets; sourceTree = "<group>"; };
		811B973B247E31AB00BA59EB /* Base */ = {isa = PBXFileReference; lastKnownFileType = file.storyboard; name = Base; path = Base.lproj/LaunchScreen.storyboard; sourceTree = "<group>"; };
		811B973D247E31AB00BA59EB /* Info.plist */ = {isa = PBXFileReference; lastKnownFileType = text.plist.xml; path = Info.plist; sourceTree = "<group>"; };
/* End PBXFileReference section */

/* Begin PBXFrameworksBuildPhase section */
		811B9726247E31AA00BA59EB /* Frameworks */ = {
			isa = PBXFrameworksBuildPhase;
			buildActionMask = 2147483647;
			files = (
			);
			runOnlyForDeploymentPostprocessing = 0;
		};
/* End PBXFrameworksBuildPhase section */

/* Begin PBXGroup section */
		811B9720247E31AA00BA59EB = {
			isa = PBXGroup;
			children = (
				811B972B247E31AA00BA59EB /* WeatherSampleApp */,
				811B972A247E31AA00BA59EB /* Products */,
			);
			sourceTree = "<group>";
		};
		811B972A247E31AA00BA59EB /* Products */ = {
			isa = PBXGroup;
			children = (
				811B9729247E31AA00BA59EB /* WeatherSampleApp.app */,
			);
			name = Products;
			sourceTree = "<group>";
		};
		811B972B247E31AA00BA59EB /* WeatherSampleApp */ = {
			isa = PBXGroup;
			children = (
				811B972C247E31AA00BA59EB /* AppDelegate.swift */,
				811B972E247E31AA00BA59EB /* SceneDelegate.swift */,
				811B9730247E31AA00BA59EB /* ViewController.swift */,
				811B9732247E31AA00BA59EB /* Main.storyboard */,
				811B9738247E31AB00BA59EB /* Assets.xcassets */,
				811B973A247E31AB00BA59EB /* LaunchScreen.storyboard */,
				811B973D247E31AB00BA59EB /* Info.plist */,
				811B9735247E31AA00BA59EB /* WeatherSampleApp.xcdatamodeld */,
			);
			path = WeatherSampleApp;
			sourceTree = "<group>";
		};
/* End PBXGroup section */

/* Begin PBXNativeTarget section */
		811B9728247E31AA00BA59EB /* WeatherSampleApp */ = {
			isa = PBXNativeTarget;
			buildConfigurationList = 811B9740247E31AB00BA59EB /* Build configuration list for PBXNativeTarget "WeatherSampleApp" */;
			buildPhases = (
				811B9725247E31AA00BA59EB /* Sources */,
				811B9726247E31AA00BA59EB /* Frameworks */,
				811B9727247E31AA00BA59EB /* Resources */,
			);
			buildRules = (
			);
			dependencies = (
			);
			name = WeatherSampleApp;
			productName = WeatherSampleApp;
			productReference = 811B9729247E31AA00BA59EB /* WeatherSampleApp.app */;
			productType = "com.apple.product-type.application";
		};
/* End PBXNativeTarget section */

/* Begin PBXProject section */
		811B9721247E31AA00BA59EB /* Project object */ = {
			isa = PBXProject;
			attributes = {
				LastSwiftUpdateCheck = 1130;
				LastUpgradeCheck = 1130;
				ORGANIZATIONNAME = Sample;
				TargetAttributes = {
					811B9728247E31AA00BA59EB = {
						CreatedOnToolsVersion = 11.3.1;
					};
				};
			};
			buildConfigurationList = 811B9724247E31AA00BA59EB /* Build configuration list for PBXProject "WeatherSampleApp" */;
			compatibilityVersion = "Xcode 9.3";
			developmentRegion = en;
			hasScannedForEncodings = 0;
			knownRegions = (
				en,
				Base,
			);
			mainGroup = 811B9720247E31AA00BA59EB;
			productRefGroup = 811B972A247E31AA00BA59EB /* Products */;
			projectDirPath = "";
			projectRoot = "";
			targets = (
				811B9728247E31AA00BA59EB /* WeatherSampleApp */,
			);
		};
/* End PBXProject section */

/* Begin PBXResourcesBuildPhase section */
		811B9727247E31AA00BA59EB /* Resources */ = {
			isa = PBXResourcesBuildPhase;
			buildActionMask = 2147483647;
			files = (
				811B973C247E31AB00BA59EB /* LaunchScreen.storyboard in Resources */,
				811B9739247E31AB00BA59EB /* Assets.xcassets in Resources */,
				811B9734247E31AA00BA59EB /* Main.storyboard in Resources */,
			);
			runOnlyForDeploymentPostprocessing = 0;
		};
/* End PBXResourcesBuildPhase section */

/* Begin PBXSourcesBuildPhase section */
		811B9725247E31AA00BA59EB /* Sources */ = {
			isa = PBXSourcesBuildPhase;
			buildActionMask = 2147483647;
			files = (
				811B9737247E31AA00BA59EB /* WeatherSampleApp.xcdatamodeld in Sources */,
				811B9731247E31AA00BA59EB /* ViewController.swift in Sources */,
				811B972D247E31AA00BA59EB /* AppDelegate.swift in Sources */,
				811B972F247E31AA00BA59EB /* SceneDelegate.swift in Sources */,
			);
			runOnlyForDeploymentPostprocessing = 0;
		};
/* End PBXSourcesBuildPhase section */

/* Begin PBXVariantGroup section */
		811B9732247E31AA00BA59EB /* Main.storyboard */ = {
			isa = PBXVariantGroup;
			children = (
				811B9733247E31AA00BA59EB /* Base */,
			);
			name = Main.storyboard;
			sourceTree = "<group>";
		};
		811B973A247E31AB00BA59EB /* LaunchScreen.storyboard */ = {
			isa = PBXVariantGroup;
			children = (
				811B973B247E31AB00BA59EB /* Base */,
			);
			name = LaunchScreen.storyboard;
			sourceTree = "<group>";
		};
/* End PBXVariantGroup section */

/* Begin XCBuildConfiguration section */
		811B973E247E31AB00BA59EB /* Debug */ = {
			isa = XCBuildConfiguration;
			buildSettings = {
				ALWAYS_SEARCH_USER_PATHS = NO;
				CLANG_ANALYZER_NONNULL = YES;
				CLANG_ANALYZER_NUMBER_OBJECT_CONVERSION = YES_AGGRESSIVE;
				CLANG_CXX_LANGUAGE_STANDARD = "gnu++14";
				CLANG_CXX_LIBRARY = "libc++";
				CLANG_ENABLE_MODULES = YES;
				CLANG_ENABLE_OBJC_ARC = YES;
				CLANG_ENABLE_OBJC_WEAK = YES;
				CLANG_WARN_BLOCK_CAPTURE_AUTORELEASING = YES;
				CLANG_WARN_BOOL_CONVERSION = YES;
				CLANG_WARN_COMMA = YES;
				CLANG_WARN_CONSTANT_CONVERSION = YES;
				CLANG_WARN_DEPRECATED_OBJC_IMPLEMENTATIONS = YES;
				CLANG_WARN_DIRECT_OBJC_ISA_USAGE = YES_ERROR;
				CLANG_WARN_DOCUMENTATION_COMMENTS = YES;
				CLANG_WARN_EMPTY_BODY = YES;
				CLANG_WARN_ENUM_CONVERSION = YES;
				CLANG_WARN_INFINITE_RECURSION = YES;
				CLANG_WARN_INT_CONVERSION = YES;
				CLANG_WARN_NON_LITERAL_NULL_CONVERSION = YES;
				CLANG_WARN_OBJC_IMPLICIT_RETAIN_SELF = YES;
				CLANG_WARN_OBJC_LITERAL_CONVERSION = YES;
				CLANG_WARN_OBJC_ROOT_CLASS = YES_ERROR;
				CLANG_WARN_RANGE_LOOP_ANALYSIS = YES;
				CLANG_WARN_STRICT_PROTOTYPES = YES;
				CLANG_WARN_SUSPICIOUS_MOVE = YES;
				CLANG_WARN_UNGUARDED_AVAILABILITY = YES_AGGRESSIVE;
				CLANG_WARN_UNREACHABLE_CODE = YES;
				CLANG_WARN__DUPLICATE_METHOD_MATCH = YES;
				COPY_PHASE_STRIP = NO;
				DEBUG_INFORMATION_FORMAT = dwarf;
				ENABLE_STRICT_OBJC_MSGSEND = YES;
				ENABLE_TESTABILITY = YES;
				GCC_C_LANGUAGE_STANDARD = gnu11;
				GCC_DYNAMIC_NO_PIC = NO;
				GCC_NO_COMMON_BLOCKS = YES;
				GCC_OPTIMIZATION_LEVEL = 0;
				GCC_PREPROCESSOR_DEFINITIONS = (
					"DEBUG=1",
					"$(inherited)",
				);
				GCC_WARN_64_TO_32_BIT_CONVERSION = YES;
				GCC_WARN_ABOUT_RETURN_TYPE = YES_ERROR;
				GCC_WARN_UNDECLARED_SELECTOR = YES;
				GCC_WARN_UNINITIALIZED_AUTOS = YES_AGGRESSIVE;
				GCC_WARN_UNUSED_FUNCTION = YES;
				GCC_WARN_UNUSED_VARIABLE = YES;
				IPHONEOS_DEPLOYMENT_TARGET = 13.2;
				MTL_ENABLE_DEBUG_INFO = INCLUDE_SOURCE;
				MTL_FAST_MATH = YES;
				ONLY_ACTIVE_ARCH = YES;
				SDKROOT = iphoneos;
				SWIFT_ACTIVE_COMPILATION_CONDITIONS = DEBUG;
				SWIFT_OPTIMIZATION_LEVEL = "-Onone";
			};
			name = Debug;
		};
		811B973F247E31AB00BA59EB /* Release */ = {
			isa = XCBuildConfiguration;
			buildSettings = {
				ALWAYS_SEARCH_USER_PATHS = NO;
				CLANG_ANALYZER_NONNULL = YES;
				CLANG_ANALYZER_NUMBER_OBJECT_CONVERSION = YES_AGGRESSIVE;
				CLANG_CXX_LANGUAGE_STANDARD = "gnu++14";
				CLANG_CXX_LIBRARY = "libc++";
				CLANG_ENABLE_MODULES = YES;
				CLANG_ENABLE_OBJC_ARC = YES;
				CLANG_ENABLE_OBJC_WEAK = YES;
				CLANG_WARN_BLOCK_CAPTURE_AUTORELEASING = YES;
				CLANG_WARN_BOOL_CONVERSION = YES;
				CLANG_WARN_COMMA = YES;
				CLANG_WARN_CONSTANT_CONVERSION = YES;
				CLANG_WARN_DEPRECATED_OBJC_IMPLEMENTATIONS = YES;
				CLANG_WARN_DIRECT_OBJC_ISA_USAGE = YES_ERROR;
				CLANG_WARN_DOCUMENTATION_COMMENTS = YES;
				CLANG_WARN_EMPTY_BODY = YES;
				CLANG_WARN_ENUM_CONVERSION = YES;
				CLANG_WARN_INFINITE_RECURSION = YES;
				CLANG_WARN_INT_CONVERSION = YES;
				CLANG_WARN_NON_LITERAL_NULL_CONVERSION = YES;
				CLANG_WARN_OBJC_IMPLICIT_RETAIN_SELF = YES;
				CLANG_WARN_OBJC_LITERAL_CONVERSION = YES;
				CLANG_WARN_OBJC_ROOT_CLASS = YES_ERROR;
				CLANG_WARN_RANGE_LOOP_ANALYSIS = YES;
				CLANG_WARN_STRICT_PROTOTYPES = YES;
				CLANG_WARN_SUSPICIOUS_MOVE = YES;
				CLANG_WARN_UNGUARDED_AVAILABILITY = YES_AGGRESSIVE;
				CLANG_WARN_UNREACHABLE_CODE = YES;
				CLANG_WARN__DUPLICATE_METHOD_MATCH = YES;
				COPY_PHASE_STRIP = NO;
				DEBUG_INFORMATION_FORMAT = "dwarf-with-dsym";
				ENABLE_NS_ASSERTIONS = NO;
				ENABLE_STRICT_OBJC_MSGSEND = YES;
				GCC_C_LANGUAGE_STANDARD = gnu11;
				GCC_NO_COMMON_BLOCKS = YES;
				GCC_WARN_64_TO_32_BIT_CONVERSION = YES;
				GCC_WARN_ABOUT_RETURN_TYPE = YES_ERROR;
				GCC_WARN_UNDECLARED_SELECTOR = YES;
				GCC_WARN_UNINITIALIZED_AUTOS = YES_AGGRESSIVE;
				GCC_WARN_UNUSED_FUNCTION = YES;
				GCC_WARN_UNUSED_VARIABLE = YES;
				IPHONEOS_DEPLOYMENT_TARGET = 13.2;
				MTL_ENABLE_DEBUG_INFO = NO;
				MTL_FAST_MATH = YES;
				SDKROOT = iphoneos;
				SWIFT_COMPILATION_MODE = wholemodule;
				SWIFT_OPTIMIZATION_LEVEL = "-O";
				VALIDATE_PRODUCT = YES;
			};
			name = Release;
		};
		811B9741247E31AB00BA59EB /* Debug */ = {
			isa = XCBuildConfiguration;
			buildSettings = {
				ASSETCATALOG_COMPILER_APPICON_NAME = AppIcon;
				CODE_SIGN_STYLE = Automatic;
				DEVELOPMENT_TEAM = YQYT4JC2R9;
				INFOPLIST_FILE = WeatherSampleApp/Info.plist;
				LD_RUNPATH_SEARCH_PATHS = (
					"$(inherited)",
					"@executable_path/Frameworks",
				);
				PRODUCT_BUNDLE_IDENTIFIER = Sample.WeatherSampleApp;
				PRODUCT_NAME = "$(TARGET_NAME)";
				SWIFT_VERSION = 5.0;
				TARGETED_DEVICE_FAMILY = "1,2";
			};
			name = Debug;
		};
		811B9742247E31AB00BA59EB /* Release */ = {
			isa = XCBuildConfiguration;
			buildSettings = {
				ASSETCATALOG_COMPILER_APPICON_NAME = AppIcon;
				CODE_SIGN_STYLE = Automatic;
				DEVELOPMENT_TEAM = YQYT4JC2R9;
				INFOPLIST_FILE = WeatherSampleApp/Info.plist;
				LD_RUNPATH_SEARCH_PATHS = (
					"$(inherited)",
					"@executable_path/Frameworks",
				);
				PRODUCT_BUNDLE_IDENTIFIER = Sample.WeatherSampleApp;
				PRODUCT_NAME = "$(TARGET_NAME)";
				SWIFT_VERSION = 5.0;
				TARGETED_DEVICE_FAMILY = "1,2";
			};
			name = Release;
		};
/* End XCBuildConfiguration section */

/* Begin XCConfigurationList section */
		811B9724247E31AA00BA59EB /* Build configuration list for PBXProject "WeatherSampleApp" */ = {
			isa = XCConfigurationList;
			buildConfigurations = (
				811B973E247E31AB00BA59EB /* Debug */,
				811B973F247E31AB00BA59EB /* Release */,
			);
			defaultConfigurationIsVisible = 0;
			defaultConfigurationName = Release;
		};
		811B9740247E31AB00BA59EB /* Build configuration list for PBXNativeTarget "WeatherSampleApp" */ = {
			isa = XCConfigurationList;
			buildConfigurations = (
				811B9741247E31AB00BA59EB /* Debug */,
				811B9742247E31AB00BA59EB /* Release */,
			);
			defaultConfigurationIsVisible = 0;
			defaultConfigurationName = Release;
		};
/* End XCConfigurationList section */

/* Begin XCVersionGroup section */
		811B9735247E31AA00BA59EB /* WeatherSampleApp.xcdatamodeld */ = {
			isa = XCVersionGroup;
			children = (
				811B9736247E31AA00BA59EB /* WeatherSampleApp.xcdatamodel */,
			);
			currentVersion = 811B9736247E31AA00BA59EB /* WeatherSampleApp.xcdatamodel */;
			path = WeatherSampleApp.xcdatamodeld;
			sourceTree = "<group>";
			versionGroupType = wrapper.xcdatamodel;
		};
/* End XCVersionGroup section */
	};
	rootObject = 811B9721247E31AA00BA59EB /* Project object */;
}
